// !$*UTF8*$!
{
	archiveVersion = 1;
	classes = {
	};
	objectVersion = 51;
	objects = {

/* Begin PBXBuildFile section */
		08851BCD0E5C6862F96D7553 /* Pods_EmptyTextTests.framework in Frameworks */ = {isa = PBXBuildFile; fileRef = A3A2EC0AC69225A18EF8A989 /* Pods_EmptyTextTests.framework */; };
		9DF3FF1B2B0C64BC3FF88C2C /* Pods_EmptyText.framework in Frameworks */ = {isa = PBXBuildFile; fileRef = BB219B050C109A3ECE7F5DC6 /* Pods_EmptyText.framework */; };
		B37842D724D1445E00023758 /* ColorManager.swift in Sources */ = {isa = PBXBuildFile; fileRef = B37842D624D1445E00023758 /* ColorManager.swift */; };
		B37842DD24D1466100023758 /* ColorSetViewController.swift in Sources */ = {isa = PBXBuildFile; fileRef = B37842DC24D1466100023758 /* ColorSetViewController.swift */; };
		B37842E224D1714D00023758 /* Defaults.swift in Sources */ = {isa = PBXBuildFile; fileRef = B37842E124D1714D00023758 /* Defaults.swift */; };
		B37842E424D7C18A00023758 /* README.md in Resources */ = {isa = PBXBuildFile; fileRef = B37842E324D7C18A00023758 /* README.md */; };
		B37842E724D7C2FD00023758 /* head.png in Resources */ = {isa = PBXBuildFile; fileRef = B37842E624D7C2FD00023758 /* head.png */; };
		B37842E924D7EAD800023758 /* statusBar.png in Resources */ = {isa = PBXBuildFile; fileRef = B37842E824D7EAD800023758 /* statusBar.png */; };
		B37842EE24D7F16300023758 /* O.gif in Resources */ = {isa = PBXBuildFile; fileRef = B37842EA24D7F16100023758 /* O.gif */; };
		B37842EF24D7F16300023758 /* C.gif in Resources */ = {isa = PBXBuildFile; fileRef = B37842EB24D7F16200023758 /* C.gif */; };
		B37842F024D7F16300023758 /* E.gif in Resources */ = {isa = PBXBuildFile; fileRef = B37842EC24D7F16300023758 /* E.gif */; };
		B37842F124D7F16300023758 /* D.gif in Resources */ = {isa = PBXBuildFile; fileRef = B37842ED24D7F16300023758 /* D.gif */; };
		B3976BBA2456EFA600527661 /* EventMonitor.swift in Sources */ = {isa = PBXBuildFile; fileRef = B3976BB92456EFA600527661 /* EventMonitor.swift */; };
		B3976BC3245A9D2B00527661 /* HotKeyManager.swift in Sources */ = {isa = PBXBuildFile; fileRef = B3976BC2245A9D2B00527661 /* HotKeyManager.swift */; };
		B3AAA20F244EADA2001AF532 /* AppDelegate.swift in Sources */ = {isa = PBXBuildFile; fileRef = B3AAA20E244EADA2001AF532 /* AppDelegate.swift */; };
		B3AAA211244EADA2001AF532 /* ViewController.swift in Sources */ = {isa = PBXBuildFile; fileRef = B3AAA210244EADA2001AF532 /* ViewController.swift */; };
		B3AAA213244EADA3001AF532 /* Assets.xcassets in Resources */ = {isa = PBXBuildFile; fileRef = B3AAA212244EADA3001AF532 /* Assets.xcassets */; };
		B3AAA216244EADA3001AF532 /* Main.storyboard in Resources */ = {isa = PBXBuildFile; fileRef = B3AAA214244EADA3001AF532 /* Main.storyboard */; };
		B3AAA222244EADA4001AF532 /* EmptyTextTests.swift in Sources */ = {isa = PBXBuildFile; fileRef = B3AAA221244EADA4001AF532 /* EmptyTextTests.swift */; };
		B3AAA22D244EADA4001AF532 /* EmptyTextUITests.swift in Sources */ = {isa = PBXBuildFile; fileRef = B3AAA22C244EADA4001AF532 /* EmptyTextUITests.swift */; };
		B3AAA23E244ECB0D001AF532 /* PopoverViewController.swift in Sources */ = {isa = PBXBuildFile; fileRef = B3AAA23C244ECB0D001AF532 /* PopoverViewController.swift */; };
		B3AAA2412451681D001AF532 /* PoppverManager.swift in Sources */ = {isa = PBXBuildFile; fileRef = B3AAA2402451681D001AF532 /* PoppverManager.swift */; };
		D191B088D0022ED525A3BCEE /* Pods_EmptyText_EmptyTextUITests.framework in Frameworks */ = {isa = PBXBuildFile; fileRef = 4FFDE301B4FF13E2A229FEA0 /* Pods_EmptyText_EmptyTextUITests.framework */; };
/* End PBXBuildFile section */

/* Begin PBXContainerItemProxy section */
		B3AAA21E244EADA4001AF532 /* PBXContainerItemProxy */ = {
			isa = PBXContainerItemProxy;
			containerPortal = B3AAA203244EADA2001AF532 /* Project object */;
			proxyType = 1;
			remoteGlobalIDString = B3AAA20A244EADA2001AF532;
			remoteInfo = EmptyText;
		};
		B3AAA229244EADA4001AF532 /* PBXContainerItemProxy */ = {
			isa = PBXContainerItemProxy;
			containerPortal = B3AAA203244EADA2001AF532 /* Project object */;
			proxyType = 1;
			remoteGlobalIDString = B3AAA20A244EADA2001AF532;
			remoteInfo = EmptyText;
		};
/* End PBXContainerItemProxy section */

/* Begin PBXFileReference section */
		414E1F4BA8A1C7A35CEFA78E /* Pods-EmptyText.debug.xcconfig */ = {isa = PBXFileReference; includeInIndex = 1; lastKnownFileType = text.xcconfig; name = "Pods-EmptyText.debug.xcconfig"; path = "Target Support Files/Pods-EmptyText/Pods-EmptyText.debug.xcconfig"; sourceTree = "<group>"; };
		4FFDE301B4FF13E2A229FEA0 /* Pods_EmptyText_EmptyTextUITests.framework */ = {isa = PBXFileReference; explicitFileType = wrapper.framework; includeInIndex = 0; path = Pods_EmptyText_EmptyTextUITests.framework; sourceTree = BUILT_PRODUCTS_DIR; };
		50241BF22F4B867918D525EF /* Pods-EmptyText.release.xcconfig */ = {isa = PBXFileReference; includeInIndex = 1; lastKnownFileType = text.xcconfig; name = "Pods-EmptyText.release.xcconfig"; path = "Target Support Files/Pods-EmptyText/Pods-EmptyText.release.xcconfig"; sourceTree = "<group>"; };
		66A9FE11241E5A28EC6C90A1 /* Pods-EmptyText-EmptyTextUITests.release.xcconfig */ = {isa = PBXFileReference; includeInIndex = 1; lastKnownFileType = text.xcconfig; name = "Pods-EmptyText-EmptyTextUITests.release.xcconfig"; path = "Target Support Files/Pods-EmptyText-EmptyTextUITests/Pods-EmptyText-EmptyTextUITests.release.xcconfig"; sourceTree = "<group>"; };
		7720D859851F14370F3A3B73 /* Pods-EmptyTextTests.debug.xcconfig */ = {isa = PBXFileReference; includeInIndex = 1; lastKnownFileType = text.xcconfig; name = "Pods-EmptyTextTests.debug.xcconfig"; path = "Target Support Files/Pods-EmptyTextTests/Pods-EmptyTextTests.debug.xcconfig"; sourceTree = "<group>"; };
		A3A2EC0AC69225A18EF8A989 /* Pods_EmptyTextTests.framework */ = {isa = PBXFileReference; explicitFileType = wrapper.framework; includeInIndex = 0; path = Pods_EmptyTextTests.framework; sourceTree = BUILT_PRODUCTS_DIR; };
		B37842D624D1445E00023758 /* ColorManager.swift */ = {isa = PBXFileReference; lastKnownFileType = sourcecode.swift; path = ColorManager.swift; sourceTree = "<group>"; };
		B37842DC24D1466100023758 /* ColorSetViewController.swift */ = {isa = PBXFileReference; lastKnownFileType = sourcecode.swift; path = ColorSetViewController.swift; sourceTree = "<group>"; };
		B37842E124D1714D00023758 /* Defaults.swift */ = {isa = PBXFileReference; lastKnownFileType = sourcecode.swift; path = Defaults.swift; sourceTree = "<group>"; };
		B37842E324D7C18A00023758 /* README.md */ = {isa = PBXFileReference; lastKnownFileType = net.daringfireball.markdown; path = README.md; sourceTree = "<group>"; };
		B37842E624D7C2FD00023758 /* head.png */ = {isa = PBXFileReference; lastKnownFileType = image.png; path = head.png; sourceTree = "<group>"; };
		B37842E824D7EAD800023758 /* statusBar.png */ = {isa = PBXFileReference; lastKnownFileType = image.png; path = statusBar.png; sourceTree = "<group>"; };
		B37842EA24D7F16100023758 /* O.gif */ = {isa = PBXFileReference; lastKnownFileType = image.gif; path = O.gif; sourceTree = "<group>"; };
		B37842EB24D7F16200023758 /* C.gif */ = {isa = PBXFileReference; lastKnownFileType = image.gif; path = C.gif; sourceTree = "<group>"; };
		B37842EC24D7F16300023758 /* E.gif */ = {isa = PBXFileReference; lastKnownFileType = image.gif; path = E.gif; sourceTree = "<group>"; };
		B37842ED24D7F16300023758 /* D.gif */ = {isa = PBXFileReference; lastKnownFileType = image.gif; path = D.gif; sourceTree = "<group>"; };
		B3976BB92456EFA600527661 /* EventMonitor.swift */ = {isa = PBXFileReference; lastKnownFileType = sourcecode.swift; path = EventMonitor.swift; sourceTree = "<group>"; };
		B3976BC2245A9D2B00527661 /* HotKeyManager.swift */ = {isa = PBXFileReference; lastKnownFileType = sourcecode.swift; path = HotKeyManager.swift; sourceTree = "<group>"; };
		B3AAA20B244EADA2001AF532 /* EmptyText.app */ = {isa = PBXFileReference; explicitFileType = wrapper.application; includeInIndex = 0; path = EmptyText.app; sourceTree = BUILT_PRODUCTS_DIR; };
		B3AAA20E244EADA2001AF532 /* AppDelegate.swift */ = {isa = PBXFileReference; lastKnownFileType = sourcecode.swift; path = AppDelegate.swift; sourceTree = "<group>"; };
		B3AAA210244EADA2001AF532 /* ViewController.swift */ = {isa = PBXFileReference; lastKnownFileType = sourcecode.swift; path = ViewController.swift; sourceTree = "<group>"; };
		B3AAA212244EADA3001AF532 /* Assets.xcassets */ = {isa = PBXFileReference; lastKnownFileType = folder.assetcatalog; path = Assets.xcassets; sourceTree = "<group>"; };
		B3AAA215244EADA3001AF532 /* Base */ = {isa = PBXFileReference; lastKnownFileType = file.storyboard; name = Base; path = Base.lproj/Main.storyboard; sourceTree = "<group>"; };
		B3AAA217244EADA3001AF532 /* Info.plist */ = {isa = PBXFileReference; lastKnownFileType = text.plist.xml; path = Info.plist; sourceTree = "<group>"; };
		B3AAA218244EADA3001AF532 /* EmptyText.entitlements */ = {isa = PBXFileReference; lastKnownFileType = text.plist.entitlements; path = EmptyText.entitlements; sourceTree = "<group>"; };
		B3AAA21D244EADA4001AF532 /* EmptyTextTests.xctest */ = {isa = PBXFileReference; explicitFileType = wrapper.cfbundle; includeInIndex = 0; path = EmptyTextTests.xctest; sourceTree = BUILT_PRODUCTS_DIR; };
		B3AAA221244EADA4001AF532 /* EmptyTextTests.swift */ = {isa = PBXFileReference; lastKnownFileType = sourcecode.swift; path = EmptyTextTests.swift; sourceTree = "<group>"; };
		B3AAA223244EADA4001AF532 /* Info.plist */ = {isa = PBXFileReference; lastKnownFileType = text.plist.xml; path = Info.plist; sourceTree = "<group>"; };
		B3AAA228244EADA4001AF532 /* EmptyTextUITests.xctest */ = {isa = PBXFileReference; explicitFileType = wrapper.cfbundle; includeInIndex = 0; path = EmptyTextUITests.xctest; sourceTree = BUILT_PRODUCTS_DIR; };
		B3AAA22C244EADA4001AF532 /* EmptyTextUITests.swift */ = {isa = PBXFileReference; lastKnownFileType = sourcecode.swift; path = EmptyTextUITests.swift; sourceTree = "<group>"; };
		B3AAA22E244EADA4001AF532 /* Info.plist */ = {isa = PBXFileReference; lastKnownFileType = text.plist.xml; path = Info.plist; sourceTree = "<group>"; };
		B3AAA23C244ECB0D001AF532 /* PopoverViewController.swift */ = {isa = PBXFileReference; lastKnownFileType = sourcecode.swift; path = PopoverViewController.swift; sourceTree = "<group>"; };
		B3AAA2402451681D001AF532 /* PoppverManager.swift */ = {isa = PBXFileReference; lastKnownFileType = sourcecode.swift; path = PoppverManager.swift; sourceTree = "<group>"; };
		BB219B050C109A3ECE7F5DC6 /* Pods_EmptyText.framework */ = {isa = PBXFileReference; explicitFileType = wrapper.framework; includeInIndex = 0; path = Pods_EmptyText.framework; sourceTree = BUILT_PRODUCTS_DIR; };
		BE37AE13D3D0374E7F02B9E3 /* Pods-EmptyText-EmptyTextUITests.debug.xcconfig */ = {isa = PBXFileReference; includeInIndex = 1; lastKnownFileType = text.xcconfig; name = "Pods-EmptyText-EmptyTextUITests.debug.xcconfig"; path = "Target Support Files/Pods-EmptyText-EmptyTextUITests/Pods-EmptyText-EmptyTextUITests.debug.xcconfig"; sourceTree = "<group>"; };
		D7127D1885E4CB32F5F4D561 /* Pods-EmptyTextTests.release.xcconfig */ = {isa = PBXFileReference; includeInIndex = 1; lastKnownFileType = text.xcconfig; name = "Pods-EmptyTextTests.release.xcconfig"; path = "Target Support Files/Pods-EmptyTextTests/Pods-EmptyTextTests.release.xcconfig"; sourceTree = "<group>"; };
/* End PBXFileReference section */

/* Begin PBXFrameworksBuildPhase section */
		B3AAA208244EADA2001AF532 /* Frameworks */ = {
			isa = PBXFrameworksBuildPhase;
			buildActionMask = 2147483647;
			files = (
				9DF3FF1B2B0C64BC3FF88C2C /* Pods_EmptyText.framework in Frameworks */,
			);
			runOnlyForDeploymentPostprocessing = 0;
		};
		B3AAA21A244EADA4001AF532 /* Frameworks */ = {
			isa = PBXFrameworksBuildPhase;
			buildActionMask = 2147483647;
			files = (
				08851BCD0E5C6862F96D7553 /* Pods_EmptyTextTests.framework in Frameworks */,
			);
			runOnlyForDeploymentPostprocessing = 0;
		};
		B3AAA225244EADA4001AF532 /* Frameworks */ = {
			isa = PBXFrameworksBuildPhase;
			buildActionMask = 2147483647;
			files = (
				D191B088D0022ED525A3BCEE /* Pods_EmptyText_EmptyTextUITests.framework in Frameworks */,
			);
			runOnlyForDeploymentPostprocessing = 0;
		};
/* End PBXFrameworksBuildPhase section */

/* Begin PBXGroup section */
		7174B2B233E7E222AA8C62B4 /* Frameworks */ = {
			isa = PBXGroup;
			children = (
				BB219B050C109A3ECE7F5DC6 /* Pods_EmptyText.framework */,
				4FFDE301B4FF13E2A229FEA0 /* Pods_EmptyText_EmptyTextUITests.framework */,
				A3A2EC0AC69225A18EF8A989 /* Pods_EmptyTextTests.framework */,
			);
			name = Frameworks;
			sourceTree = "<group>";
		};
		B37842DE24D1706600023758 /* ColorSet */ = {
			isa = PBXGroup;
			children = (
				B37842DC24D1466100023758 /* ColorSetViewController.swift */,
				B37842D624D1445E00023758 /* ColorManager.swift */,
			);
			path = ColorSet;
			sourceTree = "<group>";
		};
		B37842DF24D170E000023758 /* Popover */ = {
			isa = PBXGroup;
			children = (
				B3AAA2402451681D001AF532 /* PoppverManager.swift */,
				B3AAA23C244ECB0D001AF532 /* PopoverViewController.swift */,
			);
			path = Popover;
			sourceTree = "<group>";
		};
		B37842E024D1710600023758 /* UserDefault */ = {
			isa = PBXGroup;
			children = (
				B37842E124D1714D00023758 /* Defaults.swift */,
			);
			path = UserDefault;
			sourceTree = "<group>";
		};
		B37842E524D7C2C000023758 /* readmeSource */ = {
			isa = PBXGroup;
			children = (
				B37842EB24D7F16200023758 /* C.gif */,
				B37842ED24D7F16300023758 /* D.gif */,
				B37842EC24D7F16300023758 /* E.gif */,
				B37842EA24D7F16100023758 /* O.gif */,
				B37842E824D7EAD800023758 /* statusBar.png */,
				B37842E624D7C2FD00023758 /* head.png */,
			);
			path = readmeSource;
			sourceTree = "<group>";
		};
		B3AAA202244EADA2001AF532 = {
			isa = PBXGroup;
			children = (
				B37842E324D7C18A00023758 /* README.md */,
				B37842E524D7C2C000023758 /* readmeSource */,
				B3AAA20D244EADA2001AF532 /* EmptyText */,
				B3AAA220244EADA4001AF532 /* EmptyTextTests */,
				B3AAA22B244EADA4001AF532 /* EmptyTextUITests */,
				B3AAA20C244EADA2001AF532 /* Products */,
				CF5C9DDA7A300AEF426FB323 /* Pods */,
				7174B2B233E7E222AA8C62B4 /* Frameworks */,
			);
			sourceTree = "<group>";
		};
		B3AAA20C244EADA2001AF532 /* Products */ = {
			isa = PBXGroup;
			children = (
				B3AAA20B244EADA2001AF532 /* EmptyText.app */,
				B3AAA21D244EADA4001AF532 /* EmptyTextTests.xctest */,
				B3AAA228244EADA4001AF532 /* EmptyTextUITests.xctest */,
			);
			name = Products;
			sourceTree = "<group>";
		};
		B3AAA20D244EADA2001AF532 /* EmptyText */ = {
			isa = PBXGroup;
			children = (
				B37842E024D1710600023758 /* UserDefault */,
				B37842DF24D170E000023758 /* Popover */,
				B37842DE24D1706600023758 /* ColorSet */,
				B3AAA20E244EADA2001AF532 /* AppDelegate.swift */,
				B3AAA210244EADA2001AF532 /* ViewController.swift */,
				B3AAA212244EADA3001AF532 /* Assets.xcassets */,
				B3AAA214244EADA3001AF532 /* Main.storyboard */,
				B3AAA217244EADA3001AF532 /* Info.plist */,
				B3AAA218244EADA3001AF532 /* EmptyText.entitlements */,
				B3976BB92456EFA600527661 /* EventMonitor.swift */,
				B3976BC2245A9D2B00527661 /* HotKeyManager.swift */,
			);
			path = EmptyText;
			sourceTree = "<group>";
		};
		B3AAA220244EADA4001AF532 /* EmptyTextTests */ = {
			isa = PBXGroup;
			children = (
				B3AAA221244EADA4001AF532 /* EmptyTextTests.swift */,
				B3AAA223244EADA4001AF532 /* Info.plist */,
			);
			path = EmptyTextTests;
			sourceTree = "<group>";
		};
		B3AAA22B244EADA4001AF532 /* EmptyTextUITests */ = {
			isa = PBXGroup;
			children = (
				B3AAA22C244EADA4001AF532 /* EmptyTextUITests.swift */,
				B3AAA22E244EADA4001AF532 /* Info.plist */,
			);
			path = EmptyTextUITests;
			sourceTree = "<group>";
		};
		CF5C9DDA7A300AEF426FB323 /* Pods */ = {
			isa = PBXGroup;
			children = (
				414E1F4BA8A1C7A35CEFA78E /* Pods-EmptyText.debug.xcconfig */,
				50241BF22F4B867918D525EF /* Pods-EmptyText.release.xcconfig */,
				BE37AE13D3D0374E7F02B9E3 /* Pods-EmptyText-EmptyTextUITests.debug.xcconfig */,
				66A9FE11241E5A28EC6C90A1 /* Pods-EmptyText-EmptyTextUITests.release.xcconfig */,
				7720D859851F14370F3A3B73 /* Pods-EmptyTextTests.debug.xcconfig */,
				D7127D1885E4CB32F5F4D561 /* Pods-EmptyTextTests.release.xcconfig */,
			);
			path = Pods;
			sourceTree = "<group>";
		};
/* End PBXGroup section */

/* Begin PBXNativeTarget section */
		B3AAA20A244EADA2001AF532 /* EmptyText */ = {
			isa = PBXNativeTarget;
			buildConfigurationList = B3AAA231244EADA4001AF532 /* Build configuration list for PBXNativeTarget "EmptyText" */;
			buildPhases = (
				187339DFD60924242C1E33FF /* [CP] Check Pods Manifest.lock */,
				B3AAA207244EADA2001AF532 /* Sources */,
				B3AAA208244EADA2001AF532 /* Frameworks */,
				B3AAA209244EADA2001AF532 /* Resources */,
				F4A5B938D2403A1DFDD787A4 /* [CP] Embed Pods Frameworks */,
			);
			buildRules = (
			);
			dependencies = (
			);
			name = EmptyText;
			productName = EmptyText;
			productReference = B3AAA20B244EADA2001AF532 /* EmptyText.app */;
			productType = "com.apple.product-type.application";
		};
		B3AAA21C244EADA4001AF532 /* EmptyTextTests */ = {
			isa = PBXNativeTarget;
			buildConfigurationList = B3AAA234244EADA4001AF532 /* Build configuration list for PBXNativeTarget "EmptyTextTests" */;
			buildPhases = (
				1499B728977E6481F533DB69 /* [CP] Check Pods Manifest.lock */,
				B3AAA219244EADA4001AF532 /* Sources */,
				B3AAA21A244EADA4001AF532 /* Frameworks */,
				B3AAA21B244EADA4001AF532 /* Resources */,
			);
			buildRules = (
			);
			dependencies = (
				B3AAA21F244EADA4001AF532 /* PBXTargetDependency */,
			);
			name = EmptyTextTests;
			productName = EmptyTextTests;
			productReference = B3AAA21D244EADA4001AF532 /* EmptyTextTests.xctest */;
			productType = "com.apple.product-type.bundle.unit-test";
		};
		B3AAA227244EADA4001AF532 /* EmptyTextUITests */ = {
			isa = PBXNativeTarget;
			buildConfigurationList = B3AAA237244EADA4001AF532 /* Build configuration list for PBXNativeTarget "EmptyTextUITests" */;
			buildPhases = (
				48B9EA652F6349EADE290BCF /* [CP] Check Pods Manifest.lock */,
				B3AAA224244EADA4001AF532 /* Sources */,
				B3AAA225244EADA4001AF532 /* Frameworks */,
				B3AAA226244EADA4001AF532 /* Resources */,
				6C2D346B474444F15DF0CEF8 /* [CP] Embed Pods Frameworks */,
			);
			buildRules = (
			);
			dependencies = (
				B3AAA22A244EADA4001AF532 /* PBXTargetDependency */,
			);
			name = EmptyTextUITests;
			productName = EmptyTextUITests;
			productReference = B3AAA228244EADA4001AF532 /* EmptyTextUITests.xctest */;
			productType = "com.apple.product-type.bundle.ui-testing";
		};
/* End PBXNativeTarget section */

/* Begin PBXProject section */
		B3AAA203244EADA2001AF532 /* Project object */ = {
			isa = PBXProject;
			attributes = {
				LastSwiftUpdateCheck = 1010;
				LastUpgradeCheck = 1010;
				ORGANIZATIONNAME = Leo;
				TargetAttributes = {
					B3AAA20A244EADA2001AF532 = {
						CreatedOnToolsVersion = 10.1;
					};
					B3AAA21C244EADA4001AF532 = {
						CreatedOnToolsVersion = 10.1;
						TestTargetID = B3AAA20A244EADA2001AF532;
					};
					B3AAA227244EADA4001AF532 = {
						CreatedOnToolsVersion = 10.1;
						TestTargetID = B3AAA20A244EADA2001AF532;
					};
				};
			};
			buildConfigurationList = B3AAA206244EADA2001AF532 /* Build configuration list for PBXProject "EmptyText" */;
			compatibilityVersion = "Xcode 9.3";
			developmentRegion = en;
			hasScannedForEncodings = 0;
			knownRegions = (
				en,
				Base,
			);
			mainGroup = B3AAA202244EADA2001AF532;
			productRefGroup = B3AAA20C244EADA2001AF532 /* Products */;
			projectDirPath = "";
			projectRoot = "";
			targets = (
				B3AAA20A244EADA2001AF532 /* EmptyText */,
				B3AAA21C244EADA4001AF532 /* EmptyTextTests */,
				B3AAA227244EADA4001AF532 /* EmptyTextUITests */,
			);
		};
/* End PBXProject section */

/* Begin PBXResourcesBuildPhase section */
		B3AAA209244EADA2001AF532 /* Resources */ = {
			isa = PBXResourcesBuildPhase;
			buildActionMask = 2147483647;
			files = (
				B37842EE24D7F16300023758 /* O.gif in Resources */,
				B37842E424D7C18A00023758 /* README.md in Resources */,
				B37842EF24D7F16300023758 /* C.gif in Resources */,
				B37842F124D7F16300023758 /* D.gif in Resources */,
				B3AAA213244EADA3001AF532 /* Assets.xcassets in Resources */,
				B37842E924D7EAD800023758 /* statusBar.png in Resources */,
				B3AAA216244EADA3001AF532 /* Main.storyboard in Resources */,
				B37842F024D7F16300023758 /* E.gif in Resources */,
				B37842E724D7C2FD00023758 /* head.png in Resources */,
			);
			runOnlyForDeploymentPostprocessing = 0;
		};
		B3AAA21B244EADA4001AF532 /* Resources */ = {
			isa = PBXResourcesBuildPhase;
			buildActionMask = 2147483647;
			files = (
			);
			runOnlyForDeploymentPostprocessing = 0;
		};
		B3AAA226244EADA4001AF532 /* Resources */ = {
			isa = PBXResourcesBuildPhase;
			buildActionMask = 2147483647;
			files = (
			);
			runOnlyForDeploymentPostprocessing = 0;
		};
/* End PBXResourcesBuildPhase section */

/* Begin PBXShellScriptBuildPhase section */
		1499B728977E6481F533DB69 /* [CP] Check Pods Manifest.lock */ = {
			isa = PBXShellScriptBuildPhase;
			buildActionMask = 2147483647;
			files = (
			);
			inputFileListPaths = (
			);
			inputPaths = (
				"${PODS_PODFILE_DIR_PATH}/Podfile.lock",
				"${PODS_ROOT}/Manifest.lock",
			);
			name = "[CP] Check Pods Manifest.lock";
			outputFileListPaths = (
			);
			outputPaths = (
				"$(DERIVED_FILE_DIR)/Pods-EmptyTextTests-checkManifestLockResult.txt",
			);
			runOnlyForDeploymentPostprocessing = 0;
			shellPath = /bin/sh;
			shellScript = "diff \"${PODS_PODFILE_DIR_PATH}/Podfile.lock\" \"${PODS_ROOT}/Manifest.lock\" > /dev/null\nif [ $? != 0 ] ; then\n    # print error to STDERR\n    echo \"error: The sandbox is not in sync with the Podfile.lock. Run 'pod install' or update your CocoaPods installation.\" >&2\n    exit 1\nfi\n# This output is used by Xcode 'outputs' to avoid re-running this script phase.\necho \"SUCCESS\" > \"${SCRIPT_OUTPUT_FILE_0}\"\n";
			showEnvVarsInLog = 0;
		};
		187339DFD60924242C1E33FF /* [CP] Check Pods Manifest.lock */ = {
			isa = PBXShellScriptBuildPhase;
			buildActionMask = 2147483647;
			files = (
			);
			inputFileListPaths = (
			);
			inputPaths = (
				"${PODS_PODFILE_DIR_PATH}/Podfile.lock",
				"${PODS_ROOT}/Manifest.lock",
			);
			name = "[CP] Check Pods Manifest.lock";
			outputFileListPaths = (
			);
			outputPaths = (
				"$(DERIVED_FILE_DIR)/Pods-EmptyText-checkManifestLockResult.txt",
			);
			runOnlyForDeploymentPostprocessing = 0;
			shellPath = /bin/sh;
			shellScript = "diff \"${PODS_PODFILE_DIR_PATH}/Podfile.lock\" \"${PODS_ROOT}/Manifest.lock\" > /dev/null\nif [ $? != 0 ] ; then\n    # print error to STDERR\n    echo \"error: The sandbox is not in sync with the Podfile.lock. Run 'pod install' or update your CocoaPods installation.\" >&2\n    exit 1\nfi\n# This output is used by Xcode 'outputs' to avoid re-running this script phase.\necho \"SUCCESS\" > \"${SCRIPT_OUTPUT_FILE_0}\"\n";
			showEnvVarsInLog = 0;
		};
		48B9EA652F6349EADE290BCF /* [CP] Check Pods Manifest.lock */ = {
			isa = PBXShellScriptBuildPhase;
			buildActionMask = 2147483647;
			files = (
			);
			inputFileListPaths = (
			);
			inputPaths = (
				"${PODS_PODFILE_DIR_PATH}/Podfile.lock",
				"${PODS_ROOT}/Manifest.lock",
			);
			name = "[CP] Check Pods Manifest.lock";
			outputFileListPaths = (
			);
			outputPaths = (
				"$(DERIVED_FILE_DIR)/Pods-EmptyText-EmptyTextUITests-checkManifestLockResult.txt",
			);
			runOnlyForDeploymentPostprocessing = 0;
			shellPath = /bin/sh;
			shellScript = "diff \"${PODS_PODFILE_DIR_PATH}/Podfile.lock\" \"${PODS_ROOT}/Manifest.lock\" > /dev/null\nif [ $? != 0 ] ; then\n    # print error to STDERR\n    echo \"error: The sandbox is not in sync with the Podfile.lock. Run 'pod install' or update your CocoaPods installation.\" >&2\n    exit 1\nfi\n# This output is used by Xcode 'outputs' to avoid re-running this script phase.\necho \"SUCCESS\" > \"${SCRIPT_OUTPUT_FILE_0}\"\n";
			showEnvVarsInLog = 0;
		};
		6C2D346B474444F15DF0CEF8 /* [CP] Embed Pods Frameworks */ = {
			isa = PBXShellScriptBuildPhase;
			buildActionMask = 2147483647;
			files = (
			);
			inputFileListPaths = (
				"${PODS_ROOT}/Target Support Files/Pods-EmptyText-EmptyTextUITests/Pods-EmptyText-EmptyTextUITests-frameworks-${CONFIGURATION}-input-files.xcfilelist",
			);
			name = "[CP] Embed Pods Frameworks";
			outputFileListPaths = (
				"${PODS_ROOT}/Target Support Files/Pods-EmptyText-EmptyTextUITests/Pods-EmptyText-EmptyTextUITests-frameworks-${CONFIGURATION}-output-files.xcfilelist",
			);
			runOnlyForDeploymentPostprocessing = 0;
			shellPath = /bin/sh;
			shellScript = "\"${PODS_ROOT}/Target Support Files/Pods-EmptyText-EmptyTextUITests/Pods-EmptyText-EmptyTextUITests-frameworks.sh\"\n";
			showEnvVarsInLog = 0;
		};
		F4A5B938D2403A1DFDD787A4 /* [CP] Embed Pods Frameworks */ = {
			isa = PBXShellScriptBuildPhase;
			buildActionMask = 2147483647;
			files = (
			);
			inputFileListPaths = (
				"${PODS_ROOT}/Target Support Files/Pods-EmptyText/Pods-EmptyText-frameworks-${CONFIGURATION}-input-files.xcfilelist",
			);
			name = "[CP] Embed Pods Frameworks";
			outputFileListPaths = (
				"${PODS_ROOT}/Target Support Files/Pods-EmptyText/Pods-EmptyText-frameworks-${CONFIGURATION}-output-files.xcfilelist",
			);
			runOnlyForDeploymentPostprocessing = 0;
			shellPath = /bin/sh;
			shellScript = "\"${PODS_ROOT}/Target Support Files/Pods-EmptyText/Pods-EmptyText-frameworks.sh\"\n";
			showEnvVarsInLog = 0;
		};
/* End PBXShellScriptBuildPhase section */

/* Begin PBXSourcesBuildPhase section */
		B3AAA207244EADA2001AF532 /* Sources */ = {
			isa = PBXSourcesBuildPhase;
			buildActionMask = 2147483647;
			files = (
				B37842E224D1714D00023758 /* Defaults.swift in Sources */,
				B37842D724D1445E00023758 /* ColorManager.swift in Sources */,
				B37842DD24D1466100023758 /* ColorSetViewController.swift in Sources */,
				B3AAA211244EADA2001AF532 /* ViewController.swift in Sources */,
				B3976BBA2456EFA600527661 /* EventMonitor.swift in Sources */,
				B3AAA23E244ECB0D001AF532 /* PopoverViewController.swift in Sources */,
				B3AAA2412451681D001AF532 /* PoppverManager.swift in Sources */,
				B3AAA20F244EADA2001AF532 /* AppDelegate.swift in Sources */,
				B3976BC3245A9D2B00527661 /* HotKeyManager.swift in Sources */,
			);
			runOnlyForDeploymentPostprocessing = 0;
		};
		B3AAA219244EADA4001AF532 /* Sources */ = {
			isa = PBXSourcesBuildPhase;
			buildActionMask = 2147483647;
			files = (
				B3AAA222244EADA4001AF532 /* EmptyTextTests.swift in Sources */,
			);
			runOnlyForDeploymentPostprocessing = 0;
		};
		B3AAA224244EADA4001AF532 /* Sources */ = {
			isa = PBXSourcesBuildPhase;
			buildActionMask = 2147483647;
			files = (
				B3AAA22D244EADA4001AF532 /* EmptyTextUITests.swift in Sources */,
			);
			runOnlyForDeploymentPostprocessing = 0;
		};
/* End PBXSourcesBuildPhase section */

/* Begin PBXTargetDependency section */
		B3AAA21F244EADA4001AF532 /* PBXTargetDependency */ = {
			isa = PBXTargetDependency;
			target = B3AAA20A244EADA2001AF532 /* EmptyText */;
			targetProxy = B3AAA21E244EADA4001AF532 /* PBXContainerItemProxy */;
		};
		B3AAA22A244EADA4001AF532 /* PBXTargetDependency */ = {
			isa = PBXTargetDependency;
			target = B3AAA20A244EADA2001AF532 /* EmptyText */;
			targetProxy = B3AAA229244EADA4001AF532 /* PBXContainerItemProxy */;
		};
/* End PBXTargetDependency section */

/* Begin PBXVariantGroup section */
		B3AAA214244EADA3001AF532 /* Main.storyboard */ = {
			isa = PBXVariantGroup;
			children = (
				B3AAA215244EADA3001AF532 /* Base */,
			);
			name = Main.storyboard;
			sourceTree = "<group>";
		};
/* End PBXVariantGroup section */

/* Begin XCBuildConfiguration section */
		B3AAA22F244EADA4001AF532 /* Debug */ = {
			isa = XCBuildConfiguration;
			buildSettings = {
				ALWAYS_SEARCH_USER_PATHS = NO;
				CLANG_ANALYZER_NONNULL = YES;
				CLANG_ANALYZER_NUMBER_OBJECT_CONVERSION = YES_AGGRESSIVE;
				CLANG_CXX_LANGUAGE_STANDARD = "gnu++14";
				CLANG_CXX_LIBRARY = "libc++";
				CLANG_ENABLE_MODULES = YES;
				CLANG_ENABLE_OBJC_ARC = YES;
				CLANG_ENABLE_OBJC_WEAK = YES;
				CLANG_WARN_BLOCK_CAPTURE_AUTORELEASING = YES;
				CLANG_WARN_BOOL_CONVERSION = YES;
				CLANG_WARN_COMMA = YES;
				CLANG_WARN_CONSTANT_CONVERSION = YES;
				CLANG_WARN_DEPRECATED_OBJC_IMPLEMENTATIONS = YES;
				CLANG_WARN_DIRECT_OBJC_ISA_USAGE = YES_ERROR;
				CLANG_WARN_DOCUMENTATION_COMMENTS = YES;
				CLANG_WARN_EMPTY_BODY = YES;
				CLANG_WARN_ENUM_CONVERSION = YES;
				CLANG_WARN_INFINITE_RECURSION = YES;
				CLANG_WARN_INT_CONVERSION = YES;
				CLANG_WARN_NON_LITERAL_NULL_CONVERSION = YES;
				CLANG_WARN_OBJC_IMPLICIT_RETAIN_SELF = YES;
				CLANG_WARN_OBJC_LITERAL_CONVERSION = YES;
				CLANG_WARN_OBJC_ROOT_CLASS = YES_ERROR;
				CLANG_WARN_RANGE_LOOP_ANALYSIS = YES;
				CLANG_WARN_STRICT_PROTOTYPES = YES;
				CLANG_WARN_SUSPICIOUS_MOVE = YES;
				CLANG_WARN_UNGUARDED_AVAILABILITY = YES_AGGRESSIVE;
				CLANG_WARN_UNREACHABLE_CODE = YES;
				CLANG_WARN__DUPLICATE_METHOD_MATCH = YES;
				CODE_SIGN_IDENTITY = "-";
				COPY_PHASE_STRIP = NO;
				DEBUG_INFORMATION_FORMAT = dwarf;
				ENABLE_STRICT_OBJC_MSGSEND = YES;
				ENABLE_TESTABILITY = YES;
				GCC_C_LANGUAGE_STANDARD = gnu11;
				GCC_DYNAMIC_NO_PIC = NO;
				GCC_NO_COMMON_BLOCKS = YES;
				GCC_OPTIMIZATION_LEVEL = 0;
				GCC_PREPROCESSOR_DEFINITIONS = (
					"DEBUG=1",
					"$(inherited)",
				);
				GCC_WARN_64_TO_32_BIT_CONVERSION = YES;
				GCC_WARN_ABOUT_RETURN_TYPE = YES_ERROR;
				GCC_WARN_UNDECLARED_SELECTOR = YES;
				GCC_WARN_UNINITIALIZED_AUTOS = YES_AGGRESSIVE;
				GCC_WARN_UNUSED_FUNCTION = YES;
				GCC_WARN_UNUSED_VARIABLE = YES;
				MACOSX_DEPLOYMENT_TARGET = 10.13;
				MTL_ENABLE_DEBUG_INFO = INCLUDE_SOURCE;
				MTL_FAST_MATH = YES;
				ONLY_ACTIVE_ARCH = YES;
				SDKROOT = macosx;
				SWIFT_ACTIVE_COMPILATION_CONDITIONS = DEBUG;
				SWIFT_OPTIMIZATION_LEVEL = "-Onone";
			};
			name = Debug;
		};
		B3AAA230244EADA4001AF532 /* Release */ = {
			isa = XCBuildConfiguration;
			buildSettings = {
				ALWAYS_SEARCH_USER_PATHS = NO;
				CLANG_ANALYZER_NONNULL = YES;
				CLANG_ANALYZER_NUMBER_OBJECT_CONVERSION = YES_AGGRESSIVE;
				CLANG_CXX_LANGUAGE_STANDARD = "gnu++14";
				CLANG_CXX_LIBRARY = "libc++";
				CLANG_ENABLE_MODULES = YES;
				CLANG_ENABLE_OBJC_ARC = YES;
				CLANG_ENABLE_OBJC_WEAK = YES;
				CLANG_WARN_BLOCK_CAPTURE_AUTORELEASING = YES;
				CLANG_WARN_BOOL_CONVERSION = YES;
				CLANG_WARN_COMMA = YES;
				CLANG_WARN_CONSTANT_CONVERSION = YES;
				CLANG_WARN_DEPRECATED_OBJC_IMPLEMENTATIONS = YES;
				CLANG_WARN_DIRECT_OBJC_ISA_USAGE = YES_ERROR;
				CLANG_WARN_DOCUMENTATION_COMMENTS = YES;
				CLANG_WARN_EMPTY_BODY = YES;
				CLANG_WARN_ENUM_CONVERSION = YES;
				CLANG_WARN_INFINITE_RECURSION = YES;
				CLANG_WARN_INT_CONVERSION = YES;
				CLANG_WARN_NON_LITERAL_NULL_CONVERSION = YES;
				CLANG_WARN_OBJC_IMPLICIT_RETAIN_SELF = YES;
				CLANG_WARN_OBJC_LITERAL_CONVERSION = YES;
				CLANG_WARN_OBJC_ROOT_CLASS = YES_ERROR;
				CLANG_WARN_RANGE_LOOP_ANALYSIS = YES;
				CLANG_WARN_STRICT_PROTOTYPES = YES;
				CLANG_WARN_SUSPICIOUS_MOVE = YES;
				CLANG_WARN_UNGUARDED_AVAILABILITY = YES_AGGRESSIVE;
				CLANG_WARN_UNREACHABLE_CODE = YES;
				CLANG_WARN__DUPLICATE_METHOD_MATCH = YES;
				CODE_SIGN_IDENTITY = "-";
				COPY_PHASE_STRIP = NO;
				DEBUG_INFORMATION_FORMAT = "dwarf-with-dsym";
				ENABLE_NS_ASSERTIONS = NO;
				ENABLE_STRICT_OBJC_MSGSEND = YES;
				GCC_C_LANGUAGE_STANDARD = gnu11;
				GCC_NO_COMMON_BLOCKS = YES;
				GCC_WARN_64_TO_32_BIT_CONVERSION = YES;
				GCC_WARN_ABOUT_RETURN_TYPE = YES_ERROR;
				GCC_WARN_UNDECLARED_SELECTOR = YES;
				GCC_WARN_UNINITIALIZED_AUTOS = YES_AGGRESSIVE;
				GCC_WARN_UNUSED_FUNCTION = YES;
				GCC_WARN_UNUSED_VARIABLE = YES;
				MACOSX_DEPLOYMENT_TARGET = 10.13;
				MTL_ENABLE_DEBUG_INFO = NO;
				MTL_FAST_MATH = YES;
				SDKROOT = macosx;
				SWIFT_COMPILATION_MODE = wholemodule;
				SWIFT_OPTIMIZATION_LEVEL = "-O";
			};
			name = Release;
		};
		B3AAA232244EADA4001AF532 /* Debug */ = {
			isa = XCBuildConfiguration;
			baseConfigurationReference = 414E1F4BA8A1C7A35CEFA78E /* Pods-EmptyText.debug.xcconfig */;
			buildSettings = {
				ASSETCATALOG_COMPILER_APPICON_NAME = AppIcon;
				CODE_SIGN_ENTITLEMENTS = EmptyText/EmptyText.entitlements;
				CODE_SIGN_STYLE = Automatic;
				COMBINE_HIDPI_IMAGES = YES;
				INFOPLIST_FILE = EmptyText/Info.plist;
				LD_RUNPATH_SEARCH_PATHS = (
					"$(inherited)",
					"@executable_path/../Frameworks",
				);
				PRODUCT_BUNDLE_IDENTIFIER = com.fox.EmptyText;
				PRODUCT_NAME = "$(TARGET_NAME)";
				SWIFT_VERSION = 4.2;
			};
			name = Debug;
		};
		B3AAA233244EADA4001AF532 /* Release */ = {
			isa = XCBuildConfiguration;
			baseConfigurationReference = 50241BF22F4B867918D525EF /* Pods-EmptyText.release.xcconfig */;
			buildSettings = {
				ASSETCATALOG_COMPILER_APPICON_NAME = AppIcon;
				CODE_SIGN_ENTITLEMENTS = EmptyText/EmptyText.entitlements;
				CODE_SIGN_STYLE = Automatic;
				COMBINE_HIDPI_IMAGES = YES;
				INFOPLIST_FILE = EmptyText/Info.plist;
				LD_RUNPATH_SEARCH_PATHS = (
					"$(inherited)",
					"@executable_path/../Frameworks",
				);
				PRODUCT_BUNDLE_IDENTIFIER = com.fox.EmptyText;
				PRODUCT_NAME = "$(TARGET_NAME)";
				SWIFT_VERSION = 4.2;
			};
			name = Release;
		};
		B3AAA235244EADA4001AF532 /* Debug */ = {
			isa = XCBuildConfiguration;
			baseConfigurationReference = 7720D859851F14370F3A3B73 /* Pods-EmptyTextTests.debug.xcconfig */;
			buildSettings = {
				ALWAYS_EMBED_SWIFT_STANDARD_LIBRARIES = YES;
				BUNDLE_LOADER = "$(TEST_HOST)";
				CODE_SIGN_STYLE = Automatic;
				COMBINE_HIDPI_IMAGES = YES;
				INFOPLIST_FILE = EmptyTextTests/Info.plist;
				LD_RUNPATH_SEARCH_PATHS = (
					"$(inherited)",
					"@executable_path/../Frameworks",
					"@loader_path/../Frameworks",
				);
				PRODUCT_BUNDLE_IDENTIFIER = com.fox.EmptyTextTests;
				PRODUCT_NAME = "$(TARGET_NAME)";
				SWIFT_VERSION = 4.2;
				TEST_HOST = "$(BUILT_PRODUCTS_DIR)/EmptyText.app/Contents/MacOS/EmptyText";
			};
			name = Debug;
		};
		B3AAA236244EADA4001AF532 /* Release */ = {
			isa = XCBuildConfiguration;
			baseConfigurationReference = D7127D1885E4CB32F5F4D561 /* Pods-EmptyTextTests.release.xcconfig */;
			buildSettings = {
				ALWAYS_EMBED_SWIFT_STANDARD_LIBRARIES = YES;
				BUNDLE_LOADER = "$(TEST_HOST)";
				CODE_SIGN_STYLE = Automatic;
				COMBINE_HIDPI_IMAGES = YES;
				INFOPLIST_FILE = EmptyTextTests/Info.plist;
				LD_RUNPATH_SEARCH_PATHS = (
					"$(inherited)",
					"@executable_path/../Frameworks",
					"@loader_path/../Frameworks",
				);
				PRODUCT_BUNDLE_IDENTIFIER = com.fox.EmptyTextTests;
				PRODUCT_NAME = "$(TARGET_NAME)";
				SWIFT_VERSION = 4.2;
				TEST_HOST = "$(BUILT_PRODUCTS_DIR)/EmptyText.app/Contents/MacOS/EmptyText";
			};
			name = Release;
		};
		B3AAA238244EADA4001AF532 /* Debug */ = {
			isa = XCBuildConfiguration;
			baseConfigurationReference = BE37AE13D3D0374E7F02B9E3 /* Pods-EmptyText-EmptyTextUITests.debug.xcconfig */;
			buildSettings = {
				ALWAYS_EMBED_SWIFT_STANDARD_LIBRARIES = YES;
				CODE_SIGN_STYLE = Automatic;
				COMBINE_HIDPI_IMAGES = YES;
				INFOPLIST_FILE = EmptyTextUITests/Info.plist;
				LD_RUNPATH_SEARCH_PATHS = (
					"$(inherited)",
					"@executable_path/../Frameworks",
					"@loader_path/../Frameworks",
				);
				PRODUCT_BUNDLE_IDENTIFIER = com.fox.EmptyTextUITests;
				PRODUCT_NAME = "$(TARGET_NAME)";
				SWIFT_VERSION = 4.2;
				TEST_TARGET_NAME = EmptyText;
			};
			name = Debug;
		};
		B3AAA239244EADA4001AF532 /* Release */ = {
			isa = XCBuildConfiguration;
			baseConfigurationReference = 66A9FE11241E5A28EC6C90A1 /* Pods-EmptyText-EmptyTextUITests.release.xcconfig */;
			buildSettings = {
				ALWAYS_EMBED_SWIFT_STANDARD_LIBRARIES = YES;
				CODE_SIGN_STYLE = Automatic;
				COMBINE_HIDPI_IMAGES = YES;
				INFOPLIST_FILE = EmptyTextUITests/Info.plist;
				LD_RUNPATH_SEARCH_PATHS = (
					"$(inherited)",
					"@executable_path/../Frameworks",
					"@loader_path/../Frameworks",
				);
				PRODUCT_BUNDLE_IDENTIFIER = com.fox.EmptyTextUITests;
				PRODUCT_NAME = "$(TARGET_NAME)";
				SWIFT_VERSION = 4.2;
				TEST_TARGET_NAME = EmptyText;
			};
			name = Release;
		};
/* End XCBuildConfiguration section */

/* Begin XCConfigurationList section */
		B3AAA206244EADA2001AF532 /* Build configuration list for PBXProject "EmptyText" */ = {
			isa = XCConfigurationList;
			buildConfigurations = (
				B3AAA22F244EADA4001AF532 /* Debug */,
				B3AAA230244EADA4001AF532 /* Release */,
			);
			defaultConfigurationIsVisible = 0;
			defaultConfigurationName = Release;
		};
		B3AAA231244EADA4001AF532 /* Build configuration list for PBXNativeTarget "EmptyText" */ = {
			isa = XCConfigurationList;
			buildConfigurations = (
				B3AAA232244EADA4001AF532 /* Debug */,
				B3AAA233244EADA4001AF532 /* Release */,
			);
			defaultConfigurationIsVisible = 0;
			defaultConfigurationName = Release;
		};
		B3AAA234244EADA4001AF532 /* Build configuration list for PBXNativeTarget "EmptyTextTests" */ = {
			isa = XCConfigurationList;
			buildConfigurations = (
				B3AAA235244EADA4001AF532 /* Debug */,
				B3AAA236244EADA4001AF532 /* Release */,
			);
			defaultConfigurationIsVisible = 0;
			defaultConfigurationName = Release;
		};
		B3AAA237244EADA4001AF532 /* Build configuration list for PBXNativeTarget "EmptyTextUITests" */ = {
			isa = XCConfigurationList;
			buildConfigurations = (
				B3AAA238244EADA4001AF532 /* Debug */,
				B3AAA239244EADA4001AF532 /* Release */,
			);
			defaultConfigurationIsVisible = 0;
			defaultConfigurationName = Release;
		};
/* End XCConfigurationList section */
	};
	rootObject = B3AAA203244EADA2001AF532 /* Project object */;
}
